// !$*UTF8*$!
{
	archiveVersion = 1;
	classes = {
	};
	objectVersion = 46;
	objects = {

/* Begin PBXBuildFile section */
		D4272C9619C3EFAE00C267BA /* Main.storyboard in Resources */ = {isa = PBXBuildFile; fileRef = D4272C9519C3EFAE00C267BA /* Main.storyboard */; };
		D4FCD5AC19C3E2070086CE47 /* Foundation.framework in Frameworks */ = {isa = PBXBuildFile; fileRef = D4FCD5AB19C3E2070086CE47 /* Foundation.framework */; };
		D4FCD5AE19C3E2070086CE47 /* CoreGraphics.framework in Frameworks */ = {isa = PBXBuildFile; fileRef = D4FCD5AD19C3E2070086CE47 /* CoreGraphics.framework */; };
		D4FCD5B019C3E2080086CE47 /* UIKit.framework in Frameworks */ = {isa = PBXBuildFile; fileRef = D4FCD5AF19C3E2080086CE47 /* UIKit.framework */; };
		D4FCD5B619C3E2080086CE47 /* InfoPlist.strings in Resources */ = {isa = PBXBuildFile; fileRef = D4FCD5B419C3E2080086CE47 /* InfoPlist.strings */; };
		D4FCD5B819C3E2080086CE47 /* main.m in Sources */ = {isa = PBXBuildFile; fileRef = D4FCD5B719C3E2080086CE47 /* main.m */; };
		D4FCD5BC19C3E2080086CE47 /* AppDelegate.m in Sources */ = {isa = PBXBuildFile; fileRef = D4FCD5BB19C3E2080086CE47 /* AppDelegate.m */; };
		D4FCD5BE19C3E2080086CE47 /* Images.xcassets in Resources */ = {isa = PBXBuildFile; fileRef = D4FCD5BD19C3E2080086CE47 /* Images.xcassets */; };
		D4FCD5C519C3E2080086CE47 /* XCTest.framework in Frameworks */ = {isa = PBXBuildFile; fileRef = D4FCD5C419C3E2080086CE47 /* XCTest.framework */; };
		D4FCD5C619C3E2080086CE47 /* Foundation.framework in Frameworks */ = {isa = PBXBuildFile; fileRef = D4FCD5AB19C3E2070086CE47 /* Foundation.framework */; };
		D4FCD5C719C3E2080086CE47 /* UIKit.framework in Frameworks */ = {isa = PBXBuildFile; fileRef = D4FCD5AF19C3E2080086CE47 /* UIKit.framework */; };
		D4FCD5CF19C3E2080086CE47 /* InfoPlist.strings in Resources */ = {isa = PBXBuildFile; fileRef = D4FCD5CD19C3E2080086CE47 /* InfoPlist.strings */; };
		D4FCD5D119C3E2080086CE47 /* WellescreamTests.m in Sources */ = {isa = PBXBuildFile; fileRef = D4FCD5D019C3E2080086CE47 /* WellescreamTests.m */; };
/* End PBXBuildFile section */

/* Begin PBXContainerItemProxy section */
		D4FCD5C819C3E2080086CE47 /* PBXContainerItemProxy */ = {
			isa = PBXContainerItemProxy;
			containerPortal = D4FCD5A019C3E2070086CE47 /* Project object */;
			proxyType = 1;
			remoteGlobalIDString = D4FCD5A719C3E2070086CE47;
			remoteInfo = Wellescream;
		};
/* End PBXContainerItemProxy section */

/* Begin PBXFileReference section */
		D4272C9519C3EFAE00C267BA /* Main.storyboard */ = {isa = PBXFileReference; fileEncoding = 4; lastKnownFileType = file.storyboard; path = Main.storyboard; sourceTree = "<group>"; };
		D4FCD5A819C3E2070086CE47 /* Wellescream.app */ = {isa = PBXFileReference; explicitFileType = wrapper.application; includeInIndex = 0; path = Wellescream.app; sourceTree = BUILT_PRODUCTS_DIR; };
		D4FCD5AB19C3E2070086CE47 /* Foundation.framework */ = {isa = PBXFileReference; lastKnownFileType = wrapper.framework; name = Foundation.framework; path = System/Library/Frameworks/Foundation.framework; sourceTree = SDKROOT; };
		D4FCD5AD19C3E2070086CE47 /* CoreGraphics.framework */ = {isa = PBXFileReference; lastKnownFileType = wrapper.framework; name = CoreGraphics.framework; path = System/Library/Frameworks/CoreGraphics.framework; sourceTree = SDKROOT; };
		D4FCD5AF19C3E2080086CE47 /* UIKit.framework */ = {isa = PBXFileReference; lastKnownFileType = wrapper.framework; name = UIKit.framework; path = System/Library/Frameworks/UIKit.framework; sourceTree = SDKROOT; };
		D4FCD5B319C3E2080086CE47 /* Wellescream-Info.plist */ = {isa = PBXFileReference; lastKnownFileType = text.plist.xml; path = "Wellescream-Info.plist"; sourceTree = "<group>"; };
		D4FCD5B519C3E2080086CE47 /* en */ = {isa = PBXFileReference; lastKnownFileType = text.plist.strings; name = en; path = en.lproj/InfoPlist.strings; sourceTree = "<group>"; };
		D4FCD5B719C3E2080086CE47 /* main.m */ = {isa = PBXFileReference; lastKnownFileType = sourcecode.c.objc; path = main.m; sourceTree = "<group>"; };
		D4FCD5B919C3E2080086CE47 /* Wellescream-Prefix.pch */ = {isa = PBXFileReference; lastKnownFileType = sourcecode.c.h; path = "Wellescream-Prefix.pch"; sourceTree = "<group>"; };
		D4FCD5BA19C3E2080086CE47 /* AppDelegate.h */ = {isa = PBXFileReference; lastKnownFileType = sourcecode.c.h; path = AppDelegate.h; sourceTree = "<group>"; };
		D4FCD5BB19C3E2080086CE47 /* AppDelegate.m */ = {isa = PBXFileReference; lastKnownFileType = sourcecode.c.objc; path = AppDelegate.m; sourceTree = "<group>"; };
		D4FCD5BD19C3E2080086CE47 /* Images.xcassets */ = {isa = PBXFileReference; lastKnownFileType = folder.assetcatalog; path = Images.xcassets; sourceTree = "<group>"; };
		D4FCD5C319C3E2080086CE47 /* WellescreamTests.xctest */ = {isa = PBXFileReference; explicitFileType = wrapper.cfbundle; includeInIndex = 0; path = WellescreamTests.xctest; sourceTree = BUILT_PRODUCTS_DIR; };
		D4FCD5C419C3E2080086CE47 /* XCTest.framework */ = {isa = PBXFileReference; lastKnownFileType = wrapper.framework; name = XCTest.framework; path = Library/Frameworks/XCTest.framework; sourceTree = DEVELOPER_DIR; };
		D4FCD5CC19C3E2080086CE47 /* WellescreamTests-Info.plist */ = {isa = PBXFileReference; lastKnownFileType = text.plist.xml; path = "WellescreamTests-Info.plist"; sourceTree = "<group>"; };
		D4FCD5CE19C3E2080086CE47 /* en */ = {isa = PBXFileReference; lastKnownFileType = text.plist.strings; name = en; path = en.lproj/InfoPlist.strings; sourceTree = "<group>"; };
		D4FCD5D019C3E2080086CE47 /* WellescreamTests.m */ = {isa = PBXFileReference; lastKnownFileType = sourcecode.c.objc; path = WellescreamTests.m; sourceTree = "<group>"; };
/* End PBXFileReference section */

/* Begin PBXFrameworksBuildPhase section */
		D4FCD5A519C3E2070086CE47 /* Frameworks */ = {
			isa = PBXFrameworksBuildPhase;
			buildActionMask = 2147483647;
			files = (
				D4FCD5AE19C3E2070086CE47 /* CoreGraphics.framework in Frameworks */,
				D4FCD5B019C3E2080086CE47 /* UIKit.framework in Frameworks */,
				D4FCD5AC19C3E2070086CE47 /* Foundation.framework in Frameworks */,
			);
			runOnlyForDeploymentPostprocessing = 0;
		};
		D4FCD5C019C3E2080086CE47 /* Frameworks */ = {
			isa = PBXFrameworksBuildPhase;
			buildActionMask = 2147483647;
			files = (
				D4FCD5C519C3E2080086CE47 /* XCTest.framework in Frameworks */,
				D4FCD5C719C3E2080086CE47 /* UIKit.framework in Frameworks */,
				D4FCD5C619C3E2080086CE47 /* Foundation.framework in Frameworks */,
			);
			runOnlyForDeploymentPostprocessing = 0;
		};
/* End PBXFrameworksBuildPhase section */

/* Begin PBXGroup section */
		D4FCD59F19C3E2070086CE47 = {
			isa = PBXGroup;
			children = (
				D4FCD5B119C3E2080086CE47 /* Wellescream */,
				D4FCD5CA19C3E2080086CE47 /* WellescreamTests */,
				D4FCD5AA19C3E2070086CE47 /* Frameworks */,
				D4FCD5A919C3E2070086CE47 /* Products */,
			);
			sourceTree = "<group>";
		};
		D4FCD5A919C3E2070086CE47 /* Products */ = {
			isa = PBXGroup;
			children = (
				D4FCD5A819C3E2070086CE47 /* Wellescream.app */,
				D4FCD5C319C3E2080086CE47 /* WellescreamTests.xctest */,
			);
			name = Products;
			sourceTree = "<group>";
		};
		D4FCD5AA19C3E2070086CE47 /* Frameworks */ = {
			isa = PBXGroup;
			children = (
				D4FCD5AB19C3E2070086CE47 /* Foundation.framework */,
				D4FCD5AD19C3E2070086CE47 /* CoreGraphics.framework */,
				D4FCD5AF19C3E2080086CE47 /* UIKit.framework */,
				D4FCD5C419C3E2080086CE47 /* XCTest.framework */,
			);
			name = Frameworks;
			sourceTree = "<group>";
		};
		D4FCD5B119C3E2080086CE47 /* Wellescream */ = {
			isa = PBXGroup;
			children = (
				D4FCD5BA19C3E2080086CE47 /* AppDelegate.h */,
				D4FCD5BB19C3E2080086CE47 /* AppDelegate.m */,
				D4FCD5BD19C3E2080086CE47 /* Images.xcassets */,
				D4FCD5B219C3E2080086CE47 /* Supporting Files */,
				D4272C9519C3EFAE00C267BA /* Main.storyboard */,
			);
			path = Wellescream;
			sourceTree = "<group>";
		};
		D4FCD5B219C3E2080086CE47 /* Supporting Files */ = {
			isa = PBXGroup;
			children = (
				D4FCD5B319C3E2080086CE47 /* Wellescream-Info.plist */,
				D4FCD5B419C3E2080086CE47 /* InfoPlist.strings */,
				D4FCD5B719C3E2080086CE47 /* main.m */,
				D4FCD5B919C3E2080086CE47 /* Wellescream-Prefix.pch */,
			);
			name = "Supporting Files";
			sourceTree = "<group>";
		};
		D4FCD5CA19C3E2080086CE47 /* WellescreamTests */ = {
			isa = PBXGroup;
			children = (
				D4FCD5D019C3E2080086CE47 /* WellescreamTests.m */,
				D4FCD5CB19C3E2080086CE47 /* Supporting Files */,
			);
			path = WellescreamTests;
			sourceTree = "<group>";
		};
		D4FCD5CB19C3E2080086CE47 /* Supporting Files */ = {
			isa = PBXGroup;
			children = (
				D4FCD5CC19C3E2080086CE47 /* WellescreamTests-Info.plist */,
				D4FCD5CD19C3E2080086CE47 /* InfoPlist.strings */,
			);
			name = "Supporting Files";
			sourceTree = "<group>";
		};
/* End PBXGroup section */

/* Begin PBXNativeTarget section */
		D4FCD5A719C3E2070086CE47 /* Wellescream */ = {
			isa = PBXNativeTarget;
			buildConfigurationList = D4FCD5D419C3E2080086CE47 /* Build configuration list for PBXNativeTarget "Wellescream" */;
			buildPhases = (
				D4FCD5A419C3E2070086CE47 /* Sources */,
				D4FCD5A519C3E2070086CE47 /* Frameworks */,
				D4FCD5A619C3E2070086CE47 /* Resources */,
			);
			buildRules = (
			);
			dependencies = (
			);
			name = Wellescream;
			productName = Wellescream;
			productReference = D4FCD5A819C3E2070086CE47 /* Wellescream.app */;
			productType = "com.apple.product-type.application";
		};
		D4FCD5C219C3E2080086CE47 /* WellescreamTests */ = {
			isa = PBXNativeTarget;
			buildConfigurationList = D4FCD5D719C3E2080086CE47 /* Build configuration list for PBXNativeTarget "WellescreamTests" */;
			buildPhases = (
				D4FCD5BF19C3E2080086CE47 /* Sources */,
				D4FCD5C019C3E2080086CE47 /* Frameworks */,
				D4FCD5C119C3E2080086CE47 /* Resources */,
			);
			buildRules = (
			);
			dependencies = (
				D4FCD5C919C3E2080086CE47 /* PBXTargetDependency */,
			);
			name = WellescreamTests;
			productName = WellescreamTests;
			productReference = D4FCD5C319C3E2080086CE47 /* WellescreamTests.xctest */;
			productType = "com.apple.product-type.bundle.unit-test";
		};
/* End PBXNativeTarget section */

/* Begin PBXProject section */
		D4FCD5A019C3E2070086CE47 /* Project object */ = {
			isa = PBXProject;
			attributes = {
				LastUpgradeCheck = 0510;
				ORGANIZATIONNAME = "___FULLUSERNAME___";
				TargetAttributes = {
					D4FCD5C219C3E2080086CE47 = {
						TestTargetID = D4FCD5A719C3E2070086CE47;
					};
				};
			};
			buildConfigurationList = D4FCD5A319C3E2070086CE47 /* Build configuration list for PBXProject "Wellescream" */;
			compatibilityVersion = "Xcode 3.2";
			developmentRegion = English;
			hasScannedForEncodings = 0;
			knownRegions = (
				en,
			);
			mainGroup = D4FCD59F19C3E2070086CE47;
			productRefGroup = D4FCD5A919C3E2070086CE47 /* Products */;
			projectDirPath = "";
			projectRoot = "";
			targets = (
				D4FCD5A719C3E2070086CE47 /* Wellescream */,
				D4FCD5C219C3E2080086CE47 /* WellescreamTests */,
			);
		};
/* End PBXProject section */

/* Begin PBXResourcesBuildPhase section */
		D4FCD5A619C3E2070086CE47 /* Resources */ = {
			isa = PBXResourcesBuildPhase;
			buildActionMask = 2147483647;
			files = (
				D4272C9619C3EFAE00C267BA /* Main.storyboard in Resources */,
				D4FCD5B619C3E2080086CE47 /* InfoPlist.strings in Resources */,
				D4FCD5BE19C3E2080086CE47 /* Images.xcassets in Resources */,
			);
			runOnlyForDeploymentPostprocessing = 0;
		};
		D4FCD5C119C3E2080086CE47 /* Resources */ = {
			isa = PBXResourcesBuildPhase;
			buildActionMask = 2147483647;
			files = (
				D4FCD5CF19C3E2080086CE47 /* InfoPlist.strings in Resources */,
			);
			runOnlyForDeploymentPostprocessing = 0;
		};
/* End PBXResourcesBuildPhase section */

/* Begin PBXSourcesBuildPhase section */
		D4FCD5A419C3E2070086CE47 /* Sources */ = {
			isa = PBXSourcesBuildPhase;
			buildActionMask = 2147483647;
			files = (
				D4FCD5BC19C3E2080086CE47 /* AppDelegate.m in Sources */,
				D4FCD5B819C3E2080086CE47 /* main.m in Sources */,
			);
			runOnlyForDeploymentPostprocessing = 0;
		};
		D4FCD5BF19C3E2080086CE47 /* Sources */ = {
			isa = PBXSourcesBuildPhase;
			buildActionMask = 2147483647;
			files = (
				D4FCD5D119C3E2080086CE47 /* WellescreamTests.m in Sources */,
			);
			runOnlyForDeploymentPostprocessing = 0;
		};
/* End PBXSourcesBuildPhase section */

/* Begin PBXTargetDependency section */
		D4FCD5C919C3E2080086CE47 /* PBXTargetDependency */ = {
			isa = PBXTargetDependency;
			target = D4FCD5A719C3E2070086CE47 /* Wellescream */;
			targetProxy = D4FCD5C819C3E2080086CE47 /* PBXContainerItemProxy */;
		};
/* End PBXTargetDependency section */

/* Begin PBXVariantGroup section */
		D4FCD5B419C3E2080086CE47 /* InfoPlist.strings */ = {
			isa = PBXVariantGroup;
			children = (
				D4FCD5B519C3E2080086CE47 /* en */,
			);
			name = InfoPlist.strings;
			sourceTree = "<group>";
		};
		D4FCD5CD19C3E2080086CE47 /* InfoPlist.strings */ = {
			isa = PBXVariantGroup;
			children = (
				D4FCD5CE19C3E2080086CE47 /* en */,
			);
			name = InfoPlist.strings;
			sourceTree = "<group>";
		};
/* End PBXVariantGroup section */

/* Begin XCBuildConfiguration section */
		D4FCD5D219C3E2080086CE47 /* Debug */ = {
			isa = XCBuildConfiguration;
			buildSettings = {
				ALWAYS_SEARCH_USER_PATHS = NO;
				CLANG_CXX_LANGUAGE_STANDARD = "gnu++0x";
				CLANG_CXX_LIBRARY = "libc++";
				CLANG_ENABLE_MODULES = YES;
				CLANG_ENABLE_OBJC_ARC = YES;
				CLANG_WARN_BOOL_CONVERSION = YES;
				CLANG_WARN_CONSTANT_CONVERSION = YES;
				CLANG_WARN_DIRECT_OBJC_ISA_USAGE = YES_ERROR;
				CLANG_WARN_EMPTY_BODY = YES;
				CLANG_WARN_ENUM_CONVERSION = YES;
				CLANG_WARN_INT_CONVERSION = YES;
				CLANG_WARN_OBJC_ROOT_CLASS = YES_ERROR;
				CLANG_WARN__DUPLICATE_METHOD_MATCH = YES;
				"CODE_SIGN_IDENTITY[sdk=iphoneos*]" = "iPhone Developer";
				COPY_PHASE_STRIP = NO;
				GCC_C_LANGUAGE_STANDARD = gnu99;
				GCC_DYNAMIC_NO_PIC = NO;
				GCC_OPTIMIZATION_LEVEL = 0;
				GCC_PREPROCESSOR_DEFINITIONS = (
					"DEBUG=1",
					"$(inherited)",
				);
				GCC_SYMBOLS_PRIVATE_EXTERN = NO;
				GCC_WARN_64_TO_32_BIT_CONVERSION = YES;
				GCC_WARN_ABOUT_RETURN_TYPE = YES_ERROR;
				GCC_WARN_UNDECLARED_SELECTOR = YES;
				GCC_WARN_UNINITIALIZED_AUTOS = YES_AGGRESSIVE;
				GCC_WARN_UNUSED_FUNCTION = YES;
				GCC_WARN_UNUSED_VARIABLE = YES;
				IPHONEOS_DEPLOYMENT_TARGET = 7.1;
				ONLY_ACTIVE_ARCH = YES;
				SDKROOT = iphoneos;
			};
			name = Debug;
		};
		D4FCD5D319C3E2080086CE47 /* Release */ = {
			isa = XCBuildConfiguration;
			buildSettings = {
				ALWAYS_SEARCH_USER_PATHS = NO;
				CLANG_CXX_LANGUAGE_STANDARD = "gnu++0x";
				CLANG_CXX_LIBRARY = "libc++";
				CLANG_ENABLE_MODULES = YES;
				CLANG_ENABLE_OBJC_ARC = YES;
				CLANG_WARN_BOOL_CONVERSION = YES;
				CLANG_WARN_CONSTANT_CONVERSION = YES;
				CLANG_WARN_DIRECT_OBJC_ISA_USAGE = YES_ERROR;
				CLANG_WARN_EMPTY_BODY = YES;
				CLANG_WARN_ENUM_CONVERSION = YES;
				CLANG_WARN_INT_CONVERSION = YES;
				CLANG_WARN_OBJC_ROOT_CLASS = YES_ERROR;
				CLANG_WARN__DUPLICATE_METHOD_MATCH = YES;
				"CODE_SIGN_IDENTITY[sdk=iphoneos*]" = "iPhone Developer";
				COPY_PHASE_STRIP = YES;
				ENABLE_NS_ASSERTIONS = NO;
				GCC_C_LANGUAGE_STANDARD = gnu99;
				GCC_WARN_64_TO_32_BIT_CONVERSION = YES;
				GCC_WARN_ABOUT_RETURN_TYPE = YES_ERROR;
				GCC_WARN_UNDECLARED_SELECTOR = YES;
				GCC_WARN_UNINITIALIZED_AUTOS = YES_AGGRESSIVE;
				GCC_WARN_UNUSED_FUNCTION = YES;
				GCC_WARN_UNUSED_VARIABLE = YES;
				IPHONEOS_DEPLOYMENT_TARGET = 7.1;
				SDKROOT = iphoneos;
				VALIDATE_PRODUCT = YES;
			};
			name = Release;
		};
		D4FCD5D519C3E2080086CE47 /* Debug */ = {
			isa = XCBuildConfiguration;
			buildSettings = {
				ASSETCATALOG_COMPILER_APPICON_NAME = AppIcon;
				ASSETCATALOG_COMPILER_LAUNCHIMAGE_NAME = LaunchImage;
				GCC_PRECOMPILE_PREFIX_HEADER = YES;
				GCC_PREFIX_HEADER = "Wellescream/Wellescream-Prefix.pch";
				INFOPLIST_FILE = "Wellescream/Wellescream-Info.plist";
				PRODUCT_NAME = "$(TARGET_NAME)";
				WRAPPER_EXTENSION = app;
			};
			name = Debug;
		};
		D4FCD5D619C3E2080086CE47 /* Release */ = {
			isa = XCBuildConfiguration;
			buildSettings = {
				ASSETCATALOG_COMPILER_APPICON_NAME = AppIcon;
				ASSETCATALOG_COMPILER_LAUNCHIMAGE_NAME = LaunchImage;
				GCC_PRECOMPILE_PREFIX_HEADER = YES;
				GCC_PREFIX_HEADER = "Wellescream/Wellescream-Prefix.pch";
				INFOPLIST_FILE = "Wellescream/Wellescream-Info.plist";
				PRODUCT_NAME = "$(TARGET_NAME)";
				WRAPPER_EXTENSION = app;
			};
			name = Release;
		};
		D4FCD5D819C3E2080086CE47 /* Debug */ = {
			isa = XCBuildConfiguration;
			buildSettings = {
				BUNDLE_LOADER = "$(BUILT_PRODUCTS_DIR)/Wellescream.app/Wellescream";
				FRAMEWORK_SEARCH_PATHS = (
					"$(SDKROOT)/Developer/Library/Frameworks",
					"$(inherited)",
					"$(DEVELOPER_FRAMEWORKS_DIR)",
				);
				GCC_PRECOMPILE_PREFIX_HEADER = YES;
				GCC_PREFIX_HEADER = "Wellescream/Wellescream-Prefix.pch";
				GCC_PREPROCESSOR_DEFINITIONS = (
					"DEBUG=1",
					"$(inherited)",
				);
				INFOPLIST_FILE = "WellescreamTests/WellescreamTests-Info.plist";
				PRODUCT_NAME = "$(TARGET_NAME)";
				TEST_HOST = "$(BUNDLE_LOADER)";
				WRAPPER_EXTENSION = xctest;
			};
			name = Debug;
		};
		D4FCD5D919C3E2080086CE47 /* Release */ = {
			isa = XCBuildConfiguration;
			buildSettings = {
				BUNDLE_LOADER = "$(BUILT_PRODUCTS_DIR)/Wellescream.app/Wellescream";
				FRAMEWORK_SEARCH_PATHS = (
					"$(SDKROOT)/Developer/Library/Frameworks",
					"$(inherited)",
					"$(DEVELOPER_FRAMEWORKS_DIR)",
				);
				GCC_PRECOMPILE_PREFIX_HEADER = YES;
				GCC_PREFIX_HEADER = "Wellescream/Wellescream-Prefix.pch";
				INFOPLIST_FILE = "WellescreamTests/WellescreamTests-Info.plist";
				PRODUCT_NAME = "$(TARGET_NAME)";
				TEST_HOST = "$(BUNDLE_LOADER)";
				WRAPPER_EXTENSION = xctest;
			};
			name = Release;
		};
/* End XCBuildConfiguration section */

/* Begin XCConfigurationList section */
		D4FCD5A319C3E2070086CE47 /* Build configuration list for PBXProject "Wellescream" */ = {
			isa = XCConfigurationList;
			buildConfigurations = (
				D4FCD5D219C3E2080086CE47 /* Debug */,
				D4FCD5D319C3E2080086CE47 /* Release */,
			);
			defaultConfigurationIsVisible = 0;
			defaultConfigurationName = Release;
		};
		D4FCD5D419C3E2080086CE47 /* Build configuration list for PBXNativeTarget "Wellescream" */ = {
			isa = XCConfigurationList;
			buildConfigurations = (
				D4FCD5D519C3E2080086CE47 /* Debug */,
				D4FCD5D619C3E2080086CE47 /* Release */,
			);
			defaultConfigurationIsVisible = 0;
			defaultConfigurationName = Release;
		};
		D4FCD5D719C3E2080086CE47 /* Build configuration list for PBXNativeTarget "WellescreamTests" */ = {
			isa = XCConfigurationList;
			buildConfigurations = (
				D4FCD5D819C3E2080086CE47 /* Debug */,
				D4FCD5D919C3E2080086CE47 /* Release */,
			);
			defaultConfigurationIsVisible = 0;
			defaultConfigurationName = Release;
		};
/* End XCConfigurationList section */
	};
	rootObject = D4FCD5A019C3E2070086CE47 /* Project object */;
}
